// !$*UTF8*$!
{
	archiveVersion = 1;
	classes = {
	};
	objectVersion = 46;
	objects = {

/* Begin PBXBuildFile section */
		755A141F1B8932B000F99266 /* TWMessageBarManager.m in Sources */ = {isa = PBXBuildFile; fileRef = 755A141E1B8932B000F99266 /* TWMessageBarManager.m */; };
		755A14211B89333100F99266 /* Foundation.framework in Frameworks */ = {isa = PBXBuildFile; fileRef = 755A14201B89333100F99266 /* Foundation.framework */; };
		755A14231B89334400F99266 /* CoreGraphics.framework in Frameworks */ = {isa = PBXBuildFile; fileRef = 755A14221B89334400F99266 /* CoreGraphics.framework */; };
		755A14251B89334B00F99266 /* UIKit.framework in Frameworks */ = {isa = PBXBuildFile; fileRef = 755A14241B89334B00F99266 /* UIKit.framework */; };
		755A14281B8938D200F99266 /* Alert.swift in Sources */ = {isa = PBXBuildFile; fileRef = 755A14271B8938D200F99266 /* Alert.swift */; };
		75D456D61B893E6C00D22361 /* HomeViewController.swift in Sources */ = {isa = PBXBuildFile; fileRef = 75D456D51B893E6C00D22361 /* HomeViewController.swift */; };
		75D456F81B89408900D22361 /* RECommonFunctions.m in Sources */ = {isa = PBXBuildFile; fileRef = 75D456ED1B89408900D22361 /* RECommonFunctions.m */; };
		75D456F91B89408900D22361 /* REFrostedContainerViewController.m in Sources */ = {isa = PBXBuildFile; fileRef = 75D456EF1B89408900D22361 /* REFrostedContainerViewController.m */; };
		75D456FA1B89408900D22361 /* REFrostedViewController.m in Sources */ = {isa = PBXBuildFile; fileRef = 75D456F11B89408900D22361 /* REFrostedViewController.m */; };
		75D456FB1B89408900D22361 /* UIImage+REFrostedViewController.m in Sources */ = {isa = PBXBuildFile; fileRef = 75D456F31B89408900D22361 /* UIImage+REFrostedViewController.m */; };
		75D456FC1B89408900D22361 /* UIView+REFrostedViewController.m in Sources */ = {isa = PBXBuildFile; fileRef = 75D456F51B89408900D22361 /* UIView+REFrostedViewController.m */; };
		75D456FD1B89408900D22361 /* UIViewController+REFrostedViewController.m in Sources */ = {isa = PBXBuildFile; fileRef = 75D456F71B89408900D22361 /* UIViewController+REFrostedViewController.m */; };
		75D4570E1B8967D400D22361 /* CategoryTableViewController.swift in Sources */ = {isa = PBXBuildFile; fileRef = 75D4570D1B8967D400D22361 /* CategoryTableViewController.swift */; };
		75D457101B896E4000D22361 /* SignInViewController.swift in Sources */ = {isa = PBXBuildFile; fileRef = 75D4570F1B896E4000D22361 /* SignInViewController.swift */; };
		75D457121B896E4A00D22361 /* SignUpViewController.swift in Sources */ = {isa = PBXBuildFile; fileRef = 75D457111B896E4A00D22361 /* SignUpViewController.swift */; };
		75D457141B89721100D22361 /* FoodtrackViewController.swift in Sources */ = {isa = PBXBuildFile; fileRef = 75D457131B89721100D22361 /* FoodtrackViewController.swift */; };
		75D457161B89787B00D22361 /* PopularTableViewController.swift in Sources */ = {isa = PBXBuildFile; fileRef = 75D457151B89787B00D22361 /* PopularTableViewController.swift */; };
		75D4571A1B8979F800D22361 /* TrucksTableViewController.swift in Sources */ = {isa = PBXBuildFile; fileRef = 75D457191B8979F800D22361 /* TrucksTableViewController.swift */; };
		DB90CDF61B897E78000DEE61 /* Bolts.framework in Frameworks */ = {isa = PBXBuildFile; fileRef = DB90CDEF1B897E78000DEE61 /* Bolts.framework */; };
		DB90CDF71B897E78000DEE61 /* Parse.framework in Frameworks */ = {isa = PBXBuildFile; fileRef = DB90CDF01B897E78000DEE61 /* Parse.framework */; };
		DB90CDF81B897E78000DEE61 /* ParseCrashReporting.framework in Frameworks */ = {isa = PBXBuildFile; fileRef = DB90CDF11B897E78000DEE61 /* ParseCrashReporting.framework */; };
		DB90CDF91B897E78000DEE61 /* ParseFacebookUtils.framework in Frameworks */ = {isa = PBXBuildFile; fileRef = DB90CDF21B897E78000DEE61 /* ParseFacebookUtils.framework */; };
		DB90CDFA1B897E78000DEE61 /* ParseFacebookUtilsV4.framework in Frameworks */ = {isa = PBXBuildFile; fileRef = DB90CDF31B897E78000DEE61 /* ParseFacebookUtilsV4.framework */; };
		DB90CDFB1B897E78000DEE61 /* ParseTwitterUtils.framework in Frameworks */ = {isa = PBXBuildFile; fileRef = DB90CDF41B897E78000DEE61 /* ParseTwitterUtils.framework */; };
		DB90CDFC1B897E78000DEE61 /* ParseUI.framework in Frameworks */ = {isa = PBXBuildFile; fileRef = DB90CDF51B897E78000DEE61 /* ParseUI.framework */; };
		DB90CE001B897EC5000DEE61 /* AudioToolbox.framework in Frameworks */ = {isa = PBXBuildFile; fileRef = DB90CDFF1B897EC5000DEE61 /* AudioToolbox.framework */; };
		DB90CE021B897ED1000DEE61 /* CFNetwork.framework in Frameworks */ = {isa = PBXBuildFile; fileRef = DB90CE011B897ED1000DEE61 /* CFNetwork.framework */; };
		DB90CE091B897F40000DEE61 /* CoreLocation.framework in Frameworks */ = {isa = PBXBuildFile; fileRef = DB90CE031B897F40000DEE61 /* CoreLocation.framework */; };
		DB90CE0A1B897F40000DEE61 /* libz.dylib in Frameworks */ = {isa = PBXBuildFile; fileRef = DB90CE041B897F40000DEE61 /* libz.dylib */; };
		DB90CE0B1B897F40000DEE61 /* QuartzCore.framework in Frameworks */ = {isa = PBXBuildFile; fileRef = DB90CE051B897F40000DEE61 /* QuartzCore.framework */; };
		DB90CE0C1B897F40000DEE61 /* Security.framework in Frameworks */ = {isa = PBXBuildFile; fileRef = DB90CE061B897F40000DEE61 /* Security.framework */; };
		DB90CE0D1B897F40000DEE61 /* StoreKit.framework in Frameworks */ = {isa = PBXBuildFile; fileRef = DB90CE071B897F40000DEE61 /* StoreKit.framework */; };
		DB90CE0E1B897F40000DEE61 /* SystemConfiguration.framework in Frameworks */ = {isa = PBXBuildFile; fileRef = DB90CE081B897F40000DEE61 /* SystemConfiguration.framework */; };
		DB90CE101B897F4C000DEE61 /* libsqlite3.dylib in Frameworks */ = {isa = PBXBuildFile; fileRef = DB90CE0F1B897F4C000DEE61 /* libsqlite3.dylib */; };
		DB90CE141B8980AD000DEE61 /* DAOUsuario.swift in Sources */ = {isa = PBXBuildFile; fileRef = DB90CE131B8980AD000DEE61 /* DAOUsuario.swift */; };
		DB90CE161B8980D3000DEE61 /* DAOFoodtruck.swift in Sources */ = {isa = PBXBuildFile; fileRef = DB90CE151B8980D3000DEE61 /* DAOFoodtruck.swift */; };
		DB90CE181B8980E3000DEE61 /* DAOPromocao.swift in Sources */ = {isa = PBXBuildFile; fileRef = DB90CE171B8980E3000DEE61 /* DAOPromocao.swift */; };
		75D4571C1B897F8700D22361 /* CategoryTableViewCell.swift in Sources */ = {isa = PBXBuildFile; fileRef = 75D4571B1B897F8700D22361 /* CategoryTableViewCell.swift */; };
		75D4571E1B898F8D00D22361 /* TrucksTableViewCell.swift in Sources */ = {isa = PBXBuildFile; fileRef = 75D4571D1B898F8D00D22361 /* TrucksTableViewCell.swift */; };
		75D457201B898FA600D22361 /* PopularTableViewCell.swift in Sources */ = {isa = PBXBuildFile; fileRef = 75D4571F1B898FA600D22361 /* PopularTableViewCell.swift */; };
		DBC02CDF1B891FD400C8E14A /* AppDelegate.swift in Sources */ = {isa = PBXBuildFile; fileRef = DBC02CDE1B891FD400C8E14A /* AppDelegate.swift */; };
		DBC02CE41B891FD400C8E14A /* Main.storyboard in Resources */ = {isa = PBXBuildFile; fileRef = DBC02CE21B891FD400C8E14A /* Main.storyboard */; };
		DBC02CE61B891FD400C8E14A /* Images.xcassets in Resources */ = {isa = PBXBuildFile; fileRef = DBC02CE51B891FD400C8E14A /* Images.xcassets */; };
		DBC02CE91B891FD400C8E14A /* LaunchScreen.xib in Resources */ = {isa = PBXBuildFile; fileRef = DBC02CE71B891FD400C8E14A /* LaunchScreen.xib */; };
		DBC02CF51B891FD400C8E14A /* FoodtrackTests.swift in Sources */ = {isa = PBXBuildFile; fileRef = DBC02CF41B891FD400C8E14A /* FoodtrackTests.swift */; };
/* End PBXBuildFile section */

/* Begin PBXContainerItemProxy section */
		DBC02CEF1B891FD400C8E14A /* PBXContainerItemProxy */ = {
			isa = PBXContainerItemProxy;
			containerPortal = DBC02CD11B891FD400C8E14A /* Project object */;
			proxyType = 1;
			remoteGlobalIDString = DBC02CD81B891FD400C8E14A;
			remoteInfo = Foodtrack;
		};
/* End PBXContainerItemProxy section */

/* Begin PBXFileReference section */
		755A141C1B8932AF00F99266 /* Foodtrack-Bridging-Header.h */ = {isa = PBXFileReference; lastKnownFileType = sourcecode.c.h; path = "Foodtrack-Bridging-Header.h"; sourceTree = "<group>"; };
		755A141D1B8932B000F99266 /* TWMessageBarManager.h */ = {isa = PBXFileReference; fileEncoding = 4; lastKnownFileType = sourcecode.c.h; path = TWMessageBarManager.h; sourceTree = "<group>"; };
		755A141E1B8932B000F99266 /* TWMessageBarManager.m */ = {isa = PBXFileReference; fileEncoding = 4; lastKnownFileType = sourcecode.c.objc; path = TWMessageBarManager.m; sourceTree = "<group>"; };
		755A14201B89333100F99266 /* Foundation.framework */ = {isa = PBXFileReference; lastKnownFileType = wrapper.framework; name = Foundation.framework; path = System/Library/Frameworks/Foundation.framework; sourceTree = SDKROOT; };
		755A14221B89334400F99266 /* CoreGraphics.framework */ = {isa = PBXFileReference; lastKnownFileType = wrapper.framework; name = CoreGraphics.framework; path = System/Library/Frameworks/CoreGraphics.framework; sourceTree = SDKROOT; };
		755A14241B89334B00F99266 /* UIKit.framework */ = {isa = PBXFileReference; lastKnownFileType = wrapper.framework; name = UIKit.framework; path = System/Library/Frameworks/UIKit.framework; sourceTree = SDKROOT; };
		755A14271B8938D200F99266 /* Alert.swift */ = {isa = PBXFileReference; fileEncoding = 4; lastKnownFileType = sourcecode.swift; path = Alert.swift; sourceTree = "<group>"; };
		75D456D51B893E6C00D22361 /* HomeViewController.swift */ = {isa = PBXFileReference; fileEncoding = 4; lastKnownFileType = sourcecode.swift; path = HomeViewController.swift; sourceTree = "<group>"; };
		75D456EC1B89408900D22361 /* RECommonFunctions.h */ = {isa = PBXFileReference; fileEncoding = 4; lastKnownFileType = sourcecode.c.h; path = RECommonFunctions.h; sourceTree = "<group>"; };
		75D456ED1B89408900D22361 /* RECommonFunctions.m */ = {isa = PBXFileReference; fileEncoding = 4; lastKnownFileType = sourcecode.c.objc; path = RECommonFunctions.m; sourceTree = "<group>"; };
		75D456EE1B89408900D22361 /* REFrostedContainerViewController.h */ = {isa = PBXFileReference; fileEncoding = 4; lastKnownFileType = sourcecode.c.h; path = REFrostedContainerViewController.h; sourceTree = "<group>"; };
		75D456EF1B89408900D22361 /* REFrostedContainerViewController.m */ = {isa = PBXFileReference; fileEncoding = 4; lastKnownFileType = sourcecode.c.objc; path = REFrostedContainerViewController.m; sourceTree = "<group>"; };
		75D456F01B89408900D22361 /* REFrostedViewController.h */ = {isa = PBXFileReference; fileEncoding = 4; lastKnownFileType = sourcecode.c.h; path = REFrostedViewController.h; sourceTree = "<group>"; };
		75D456F11B89408900D22361 /* REFrostedViewController.m */ = {isa = PBXFileReference; fileEncoding = 4; lastKnownFileType = sourcecode.c.objc; path = REFrostedViewController.m; sourceTree = "<group>"; };
		75D456F21B89408900D22361 /* UIImage+REFrostedViewController.h */ = {isa = PBXFileReference; fileEncoding = 4; lastKnownFileType = sourcecode.c.h; path = "UIImage+REFrostedViewController.h"; sourceTree = "<group>"; };
		75D456F31B89408900D22361 /* UIImage+REFrostedViewController.m */ = {isa = PBXFileReference; fileEncoding = 4; lastKnownFileType = sourcecode.c.objc; path = "UIImage+REFrostedViewController.m"; sourceTree = "<group>"; };
		75D456F41B89408900D22361 /* UIView+REFrostedViewController.h */ = {isa = PBXFileReference; fileEncoding = 4; lastKnownFileType = sourcecode.c.h; path = "UIView+REFrostedViewController.h"; sourceTree = "<group>"; };
		75D456F51B89408900D22361 /* UIView+REFrostedViewController.m */ = {isa = PBXFileReference; fileEncoding = 4; lastKnownFileType = sourcecode.c.objc; path = "UIView+REFrostedViewController.m"; sourceTree = "<group>"; };
		75D456F61B89408900D22361 /* UIViewController+REFrostedViewController.h */ = {isa = PBXFileReference; fileEncoding = 4; lastKnownFileType = sourcecode.c.h; path = "UIViewController+REFrostedViewController.h"; sourceTree = "<group>"; };
		75D456F71B89408900D22361 /* UIViewController+REFrostedViewController.m */ = {isa = PBXFileReference; fileEncoding = 4; lastKnownFileType = sourcecode.c.objc; path = "UIViewController+REFrostedViewController.m"; sourceTree = "<group>"; };
		75D4570D1B8967D400D22361 /* CategoryTableViewController.swift */ = {isa = PBXFileReference; fileEncoding = 4; lastKnownFileType = sourcecode.swift; path = CategoryTableViewController.swift; sourceTree = "<group>"; };
		75D4570F1B896E4000D22361 /* SignInViewController.swift */ = {isa = PBXFileReference; fileEncoding = 4; lastKnownFileType = sourcecode.swift; path = SignInViewController.swift; sourceTree = "<group>"; };
		75D457111B896E4A00D22361 /* SignUpViewController.swift */ = {isa = PBXFileReference; fileEncoding = 4; lastKnownFileType = sourcecode.swift; path = SignUpViewController.swift; sourceTree = "<group>"; };
		75D457131B89721100D22361 /* FoodtrackViewController.swift */ = {isa = PBXFileReference; fileEncoding = 4; lastKnownFileType = sourcecode.swift; path = FoodtrackViewController.swift; sourceTree = "<group>"; };
		75D457151B89787B00D22361 /* PopularTableViewController.swift */ = {isa = PBXFileReference; fileEncoding = 4; lastKnownFileType = sourcecode.swift; path = PopularTableViewController.swift; sourceTree = "<group>"; };
		75D457191B8979F800D22361 /* TrucksTableViewController.swift */ = {isa = PBXFileReference; fileEncoding = 4; lastKnownFileType = sourcecode.swift; path = TrucksTableViewController.swift; sourceTree = "<group>"; };
		DB90CDEF1B897E78000DEE61 /* Bolts.framework */ = {isa = PBXFileReference; lastKnownFileType = wrapper.framework; path = Bolts.framework; sourceTree = "<group>"; };
		DB90CDF01B897E78000DEE61 /* Parse.framework */ = {isa = PBXFileReference; lastKnownFileType = wrapper.framework; path = Parse.framework; sourceTree = "<group>"; };
		DB90CDF11B897E78000DEE61 /* ParseCrashReporting.framework */ = {isa = PBXFileReference; lastKnownFileType = wrapper.framework; path = ParseCrashReporting.framework; sourceTree = "<group>"; };
		DB90CDF21B897E78000DEE61 /* ParseFacebookUtils.framework */ = {isa = PBXFileReference; lastKnownFileType = wrapper.framework; path = ParseFacebookUtils.framework; sourceTree = "<group>"; };
		DB90CDF31B897E78000DEE61 /* ParseFacebookUtilsV4.framework */ = {isa = PBXFileReference; lastKnownFileType = wrapper.framework; path = ParseFacebookUtilsV4.framework; sourceTree = "<group>"; };
		DB90CDF41B897E78000DEE61 /* ParseTwitterUtils.framework */ = {isa = PBXFileReference; lastKnownFileType = wrapper.framework; path = ParseTwitterUtils.framework; sourceTree = "<group>"; };
		DB90CDF51B897E78000DEE61 /* ParseUI.framework */ = {isa = PBXFileReference; lastKnownFileType = wrapper.framework; path = ParseUI.framework; sourceTree = "<group>"; };
		DB90CDFF1B897EC5000DEE61 /* AudioToolbox.framework */ = {isa = PBXFileReference; lastKnownFileType = wrapper.framework; name = AudioToolbox.framework; path = System/Library/Frameworks/AudioToolbox.framework; sourceTree = SDKROOT; };
		DB90CE011B897ED1000DEE61 /* CFNetwork.framework */ = {isa = PBXFileReference; lastKnownFileType = wrapper.framework; name = CFNetwork.framework; path = System/Library/Frameworks/CFNetwork.framework; sourceTree = SDKROOT; };
		DB90CE031B897F40000DEE61 /* CoreLocation.framework */ = {isa = PBXFileReference; lastKnownFileType = wrapper.framework; name = CoreLocation.framework; path = System/Library/Frameworks/CoreLocation.framework; sourceTree = SDKROOT; };
		DB90CE041B897F40000DEE61 /* libz.dylib */ = {isa = PBXFileReference; lastKnownFileType = "compiled.mach-o.dylib"; name = libz.dylib; path = usr/lib/libz.dylib; sourceTree = SDKROOT; };
		DB90CE051B897F40000DEE61 /* QuartzCore.framework */ = {isa = PBXFileReference; lastKnownFileType = wrapper.framework; name = QuartzCore.framework; path = System/Library/Frameworks/QuartzCore.framework; sourceTree = SDKROOT; };
		DB90CE061B897F40000DEE61 /* Security.framework */ = {isa = PBXFileReference; lastKnownFileType = wrapper.framework; name = Security.framework; path = System/Library/Frameworks/Security.framework; sourceTree = SDKROOT; };
		DB90CE071B897F40000DEE61 /* StoreKit.framework */ = {isa = PBXFileReference; lastKnownFileType = wrapper.framework; name = StoreKit.framework; path = System/Library/Frameworks/StoreKit.framework; sourceTree = SDKROOT; };
		DB90CE081B897F40000DEE61 /* SystemConfiguration.framework */ = {isa = PBXFileReference; lastKnownFileType = wrapper.framework; name = SystemConfiguration.framework; path = System/Library/Frameworks/SystemConfiguration.framework; sourceTree = SDKROOT; };
		DB90CE0F1B897F4C000DEE61 /* libsqlite3.dylib */ = {isa = PBXFileReference; lastKnownFileType = "compiled.mach-o.dylib"; name = libsqlite3.dylib; path = usr/lib/libsqlite3.dylib; sourceTree = SDKROOT; };
		DB90CE131B8980AD000DEE61 /* DAOUsuario.swift */ = {isa = PBXFileReference; fileEncoding = 4; lastKnownFileType = sourcecode.swift; path = DAOUsuario.swift; sourceTree = "<group>"; };
		DB90CE151B8980D3000DEE61 /* DAOFoodtruck.swift */ = {isa = PBXFileReference; fileEncoding = 4; lastKnownFileType = sourcecode.swift; path = DAOFoodtruck.swift; sourceTree = "<group>"; };
		DB90CE171B8980E3000DEE61 /* DAOPromocao.swift */ = {isa = PBXFileReference; fileEncoding = 4; lastKnownFileType = sourcecode.swift; path = DAOPromocao.swift; sourceTree = "<group>"; };
		75D4571B1B897F8700D22361 /* CategoryTableViewCell.swift */ = {isa = PBXFileReference; fileEncoding = 4; lastKnownFileType = sourcecode.swift; path = CategoryTableViewCell.swift; sourceTree = "<group>"; };
		75D4571D1B898F8D00D22361 /* TrucksTableViewCell.swift */ = {isa = PBXFileReference; fileEncoding = 4; lastKnownFileType = sourcecode.swift; path = TrucksTableViewCell.swift; sourceTree = "<group>"; };
		75D4571F1B898FA600D22361 /* PopularTableViewCell.swift */ = {isa = PBXFileReference; fileEncoding = 4; lastKnownFileType = sourcecode.swift; path = PopularTableViewCell.swift; sourceTree = "<group>"; };
		DBC02CD91B891FD400C8E14A /* Foodtrack.app */ = {isa = PBXFileReference; explicitFileType = wrapper.application; includeInIndex = 0; path = Foodtrack.app; sourceTree = BUILT_PRODUCTS_DIR; };
		DBC02CDD1B891FD400C8E14A /* Info.plist */ = {isa = PBXFileReference; lastKnownFileType = text.plist.xml; path = Info.plist; sourceTree = "<group>"; };
		DBC02CDE1B891FD400C8E14A /* AppDelegate.swift */ = {isa = PBXFileReference; lastKnownFileType = sourcecode.swift; path = AppDelegate.swift; sourceTree = "<group>"; };
		DBC02CE31B891FD400C8E14A /* Base */ = {isa = PBXFileReference; lastKnownFileType = file.storyboard; name = Base; path = Base.lproj/Main.storyboard; sourceTree = "<group>"; };
		DBC02CE51B891FD400C8E14A /* Images.xcassets */ = {isa = PBXFileReference; lastKnownFileType = folder.assetcatalog; path = Images.xcassets; sourceTree = "<group>"; };
		DBC02CE81B891FD400C8E14A /* Base */ = {isa = PBXFileReference; lastKnownFileType = file.xib; name = Base; path = Base.lproj/LaunchScreen.xib; sourceTree = "<group>"; };
		DBC02CEE1B891FD400C8E14A /* FoodtrackTests.xctest */ = {isa = PBXFileReference; explicitFileType = wrapper.cfbundle; includeInIndex = 0; path = FoodtrackTests.xctest; sourceTree = BUILT_PRODUCTS_DIR; };
		DBC02CF31B891FD400C8E14A /* Info.plist */ = {isa = PBXFileReference; lastKnownFileType = text.plist.xml; path = Info.plist; sourceTree = "<group>"; };
		DBC02CF41B891FD400C8E14A /* FoodtrackTests.swift */ = {isa = PBXFileReference; lastKnownFileType = sourcecode.swift; path = FoodtrackTests.swift; sourceTree = "<group>"; };
/* End PBXFileReference section */

/* Begin PBXFrameworksBuildPhase section */
		DBC02CD61B891FD400C8E14A /* Frameworks */ = {
			isa = PBXFrameworksBuildPhase;
			buildActionMask = 2147483647;
			files = (
				DB90CE0D1B897F40000DEE61 /* StoreKit.framework in Frameworks */,
				DB90CE101B897F4C000DEE61 /* libsqlite3.dylib in Frameworks */,
				DB90CE091B897F40000DEE61 /* CoreLocation.framework in Frameworks */,
				DB90CE0A1B897F40000DEE61 /* libz.dylib in Frameworks */,
				DB90CE0B1B897F40000DEE61 /* QuartzCore.framework in Frameworks */,
				DB90CE0C1B897F40000DEE61 /* Security.framework in Frameworks */,
				DB90CE0E1B897F40000DEE61 /* SystemConfiguration.framework in Frameworks */,
				DB90CE021B897ED1000DEE61 /* CFNetwork.framework in Frameworks */,
				DB90CE001B897EC5000DEE61 /* AudioToolbox.framework in Frameworks */,
				DB90CDF91B897E78000DEE61 /* ParseFacebookUtils.framework in Frameworks */,
				755A14251B89334B00F99266 /* UIKit.framework in Frameworks */,
				DB90CDFC1B897E78000DEE61 /* ParseUI.framework in Frameworks */,
				DB90CDFA1B897E78000DEE61 /* ParseFacebookUtilsV4.framework in Frameworks */,
				DB90CDF81B897E78000DEE61 /* ParseCrashReporting.framework in Frameworks */,
				DB90CDFB1B897E78000DEE61 /* ParseTwitterUtils.framework in Frameworks */,
				755A14231B89334400F99266 /* CoreGraphics.framework in Frameworks */,
				755A14211B89333100F99266 /* Foundation.framework in Frameworks */,
				DB90CDF61B897E78000DEE61 /* Bolts.framework in Frameworks */,
				DB90CDF71B897E78000DEE61 /* Parse.framework in Frameworks */,
			);
			runOnlyForDeploymentPostprocessing = 0;
		};
		DBC02CEB1B891FD400C8E14A /* Frameworks */ = {
			isa = PBXFrameworksBuildPhase;
			buildActionMask = 2147483647;
			files = (
			);
			runOnlyForDeploymentPostprocessing = 0;
		};
/* End PBXFrameworksBuildPhase section */

/* Begin PBXGroup section */
		755A14261B89339300F99266 /* Front */ = {
			isa = PBXGroup;
			children = (
				75D456D91B89405600D22361 /* SideBar */,
				755A141D1B8932B000F99266 /* TWMessageBarManager.h */,
				755A141E1B8932B000F99266 /* TWMessageBarManager.m */,
			);
			name = Front;
			sourceTree = "<group>";
		};
		755A14291B8939B000F99266 /* Helper */ = {
			isa = PBXGroup;
			children = (
				755A14271B8938D200F99266 /* Alert.swift */,
			);
			name = Helper;
			sourceTree = "<group>";
		};
		75D456D91B89405600D22361 /* SideBar */ = {
			isa = PBXGroup;
			children = (
				75D456EC1B89408900D22361 /* RECommonFunctions.h */,
				75D456ED1B89408900D22361 /* RECommonFunctions.m */,
				75D456EE1B89408900D22361 /* REFrostedContainerViewController.h */,
				75D456EF1B89408900D22361 /* REFrostedContainerViewController.m */,
				75D456F01B89408900D22361 /* REFrostedViewController.h */,
				75D456F11B89408900D22361 /* REFrostedViewController.m */,
				75D456F21B89408900D22361 /* UIImage+REFrostedViewController.h */,
				75D456F31B89408900D22361 /* UIImage+REFrostedViewController.m */,
				75D456F41B89408900D22361 /* UIView+REFrostedViewController.h */,
				75D456F51B89408900D22361 /* UIView+REFrostedViewController.m */,
				75D456F61B89408900D22361 /* UIViewController+REFrostedViewController.h */,
				75D456F71B89408900D22361 /* UIViewController+REFrostedViewController.m */,
			);
			name = SideBar;
			sourceTree = "<group>";
		};
		DB90CE111B897F5F000DEE61 /* FrameWork2 */ = {
			isa = PBXGroup;
			children = (
				DB90CE0F1B897F4C000DEE61 /* libsqlite3.dylib */,
				DB90CE041B897F40000DEE61 /* libz.dylib */,
				DB90CE051B897F40000DEE61 /* QuartzCore.framework */,
				DB90CE061B897F40000DEE61 /* Security.framework */,
				DB90CE071B897F40000DEE61 /* StoreKit.framework */,
				DB90CE081B897F40000DEE61 /* SystemConfiguration.framework */,
				DB90CE011B897ED1000DEE61 /* CFNetwork.framework */,
				DB90CDFF1B897EC5000DEE61 /* AudioToolbox.framework */,
				DB90CE031B897F40000DEE61 /* CoreLocation.framework */,
			);
			name = FrameWork2;
			sourceTree = "<group>";
		};
		DB90CE121B898097000DEE61 /* DAO */ = {
			isa = PBXGroup;
			children = (
				DB90CE131B8980AD000DEE61 /* DAOUsuario.swift */,
				DB90CE151B8980D3000DEE61 /* DAOFoodtruck.swift */,
				DB90CE171B8980E3000DEE61 /* DAOPromocao.swift */,
			);
			name = DAO;
			sourceTree = "<group>";
		};
		DBC02CD01B891FD400C8E14A = {
			isa = PBXGroup;
			children = (
				DB90CE111B897F5F000DEE61 /* FrameWork2 */,
				DBC02CDB1B891FD400C8E14A /* Foodtrack */,
				DBC02CF11B891FD400C8E14A /* FoodtrackTests */,
				DBC02CDA1B891FD400C8E14A /* Products */,
			);
			sourceTree = "<group>";
		};
		DBC02CDA1B891FD400C8E14A /* Products */ = {
			isa = PBXGroup;
			children = (
				DBC02CD91B891FD400C8E14A /* Foodtrack.app */,
				DBC02CEE1B891FD400C8E14A /* FoodtrackTests.xctest */,
			);
			name = Products;
			sourceTree = "<group>";
		};
		DBC02CDB1B891FD400C8E14A /* Foodtrack */ = {
			isa = PBXGroup;
			children = (
				DB90CE121B898097000DEE61 /* DAO */,
				DBC02CFF1B89242300C8E14A /* Frameworks */,
				755A14261B89339300F99266 /* Front */,
				755A14291B8939B000F99266 /* Helper */,
				DBC02CDE1B891FD400C8E14A /* AppDelegate.swift */,
				DBC02CE71B891FD400C8E14A /* LaunchScreen.xib */,
				DBC02CE21B891FD400C8E14A /* Main.storyboard */,
				75D456D51B893E6C00D22361 /* HomeViewController.swift */,
				75D4570F1B896E4000D22361 /* SignInViewController.swift */,
				75D457111B896E4A00D22361 /* SignUpViewController.swift */,
				75D457131B89721100D22361 /* FoodtrackViewController.swift */,
				75D457151B89787B00D22361 /* PopularTableViewController.swift */,
				75D4571F1B898FA600D22361 /* PopularTableViewCell.swift */,
				75D457191B8979F800D22361 /* TrucksTableViewController.swift */,
				75D4571D1B898F8D00D22361 /* TrucksTableViewCell.swift */,
				75D4570D1B8967D400D22361 /* CategoryTableViewController.swift */,
				75D4571B1B897F8700D22361 /* CategoryTableViewCell.swift */,
				DBC02CE51B891FD400C8E14A /* Images.xcassets */,
				DBC02CDC1B891FD400C8E14A /* Supporting Files */,
				755A141C1B8932AF00F99266 /* Foodtrack-Bridging-Header.h */,
			);
			path = Foodtrack;
			sourceTree = "<group>";
		};
		DBC02CDC1B891FD400C8E14A /* Supporting Files */ = {
			isa = PBXGroup;
			children = (
				DBC02CDD1B891FD400C8E14A /* Info.plist */,
			);
			name = "Supporting Files";
			sourceTree = "<group>";
		};
		DBC02CF11B891FD400C8E14A /* FoodtrackTests */ = {
			isa = PBXGroup;
			children = (
				DBC02CF41B891FD400C8E14A /* FoodtrackTests.swift */,
				DBC02CF21B891FD400C8E14A /* Supporting Files */,
			);
			path = FoodtrackTests;
			sourceTree = "<group>";
		};
		DBC02CF21B891FD400C8E14A /* Supporting Files */ = {
			isa = PBXGroup;
			children = (
				DBC02CF31B891FD400C8E14A /* Info.plist */,
			);
			name = "Supporting Files";
			sourceTree = "<group>";
		};
		DBC02CFF1B89242300C8E14A /* Frameworks */ = {
			isa = PBXGroup;
			children = (
				DB90CDEF1B897E78000DEE61 /* Bolts.framework */,
				DB90CDF01B897E78000DEE61 /* Parse.framework */,
				DB90CDF11B897E78000DEE61 /* ParseCrashReporting.framework */,
				DB90CDF21B897E78000DEE61 /* ParseFacebookUtils.framework */,
				DB90CDF31B897E78000DEE61 /* ParseFacebookUtilsV4.framework */,
				DB90CDF41B897E78000DEE61 /* ParseTwitterUtils.framework */,
				DB90CDF51B897E78000DEE61 /* ParseUI.framework */,
				755A14241B89334B00F99266 /* UIKit.framework */,
				755A14221B89334400F99266 /* CoreGraphics.framework */,
				755A14201B89333100F99266 /* Foundation.framework */,
			);
			name = Frameworks;
			sourceTree = "<group>";
		};
/* End PBXGroup section */

/* Begin PBXNativeTarget section */
		DBC02CD81B891FD400C8E14A /* Foodtrack */ = {
			isa = PBXNativeTarget;
			buildConfigurationList = DBC02CF81B891FD400C8E14A /* Build configuration list for PBXNativeTarget "Foodtrack" */;
			buildPhases = (
				DBC02CD51B891FD400C8E14A /* Sources */,
				DBC02CD61B891FD400C8E14A /* Frameworks */,
				DBC02CD71B891FD400C8E14A /* Resources */,
				DBC02CFE1B8923D400C8E14A /* ShellScript */,
			);
			buildRules = (
			);
			dependencies = (
			);
			name = Foodtrack;
			productName = Foodtrack;
			productReference = DBC02CD91B891FD400C8E14A /* Foodtrack.app */;
			productType = "com.apple.product-type.application";
		};
		DBC02CED1B891FD400C8E14A /* FoodtrackTests */ = {
			isa = PBXNativeTarget;
			buildConfigurationList = DBC02CFB1B891FD400C8E14A /* Build configuration list for PBXNativeTarget "FoodtrackTests" */;
			buildPhases = (
				DBC02CEA1B891FD400C8E14A /* Sources */,
				DBC02CEB1B891FD400C8E14A /* Frameworks */,
				DBC02CEC1B891FD400C8E14A /* Resources */,
			);
			buildRules = (
			);
			dependencies = (
				DBC02CF01B891FD400C8E14A /* PBXTargetDependency */,
			);
			name = FoodtrackTests;
			productName = FoodtrackTests;
			productReference = DBC02CEE1B891FD400C8E14A /* FoodtrackTests.xctest */;
			productType = "com.apple.product-type.bundle.unit-test";
		};
/* End PBXNativeTarget section */

/* Begin PBXProject section */
		DBC02CD11B891FD400C8E14A /* Project object */ = {
			isa = PBXProject;
			attributes = {
				LastUpgradeCheck = 0640;
				ORGANIZATIONNAME = "Humberto Vieira de Castro";
				TargetAttributes = {
					DBC02CD81B891FD400C8E14A = {
						CreatedOnToolsVersion = 6.4;
					};
					DBC02CED1B891FD400C8E14A = {
						CreatedOnToolsVersion = 6.4;
						TestTargetID = DBC02CD81B891FD400C8E14A;
					};
				};
			};
			buildConfigurationList = DBC02CD41B891FD400C8E14A /* Build configuration list for PBXProject "Foodtrack" */;
			compatibilityVersion = "Xcode 3.2";
			developmentRegion = English;
			hasScannedForEncodings = 0;
			knownRegions = (
				en,
				Base,
			);
			mainGroup = DBC02CD01B891FD400C8E14A;
			productRefGroup = DBC02CDA1B891FD400C8E14A /* Products */;
			projectDirPath = "";
			projectRoot = "";
			targets = (
				DBC02CD81B891FD400C8E14A /* Foodtrack */,
				DBC02CED1B891FD400C8E14A /* FoodtrackTests */,
			);
		};
/* End PBXProject section */

/* Begin PBXResourcesBuildPhase section */
		DBC02CD71B891FD400C8E14A /* Resources */ = {
			isa = PBXResourcesBuildPhase;
			buildActionMask = 2147483647;
			files = (
				DBC02CE41B891FD400C8E14A /* Main.storyboard in Resources */,
				DBC02CE91B891FD400C8E14A /* LaunchScreen.xib in Resources */,
				DBC02CE61B891FD400C8E14A /* Images.xcassets in Resources */,
			);
			runOnlyForDeploymentPostprocessing = 0;
		};
		DBC02CEC1B891FD400C8E14A /* Resources */ = {
			isa = PBXResourcesBuildPhase;
			buildActionMask = 2147483647;
			files = (
			);
			runOnlyForDeploymentPostprocessing = 0;
		};
/* End PBXResourcesBuildPhase section */

/* Begin PBXShellScriptBuildPhase section */
		DBC02CFE1B8923D400C8E14A /* ShellScript */ = {
			isa = PBXShellScriptBuildPhase;
			buildActionMask = 2147483647;
			files = (
			);
			inputPaths = (
			);
			outputPaths = (
			);
			runOnlyForDeploymentPostprocessing = 0;
			shellPath = /bin/sh;
			shellScript = "";
		};
/* End PBXShellScriptBuildPhase section */

/* Begin PBXSourcesBuildPhase section */
		DBC02CD51B891FD400C8E14A /* Sources */ = {
			isa = PBXSourcesBuildPhase;
			buildActionMask = 2147483647;
			files = (
				755A141F1B8932B000F99266 /* TWMessageBarManager.m in Sources */,
				DB90CE181B8980E3000DEE61 /* DAOPromocao.swift in Sources */,
				75D456F91B89408900D22361 /* REFrostedContainerViewController.m in Sources */,
				75D457201B898FA600D22361 /* PopularTableViewCell.swift in Sources */,
				75D4570E1B8967D400D22361 /* CategoryTableViewController.swift in Sources */,
				75D456FC1B89408900D22361 /* UIView+REFrostedViewController.m in Sources */,
				75D457121B896E4A00D22361 /* SignUpViewController.swift in Sources */,
				755A14281B8938D200F99266 /* Alert.swift in Sources */,
				75D457101B896E4000D22361 /* SignInViewController.swift in Sources */,
				75D4571A1B8979F800D22361 /* TrucksTableViewController.swift in Sources */,
				75D456FD1B89408900D22361 /* UIViewController+REFrostedViewController.m in Sources */,
				75D456FA1B89408900D22361 /* REFrostedViewController.m in Sources */,
				DB90CE161B8980D3000DEE61 /* DAOFoodtruck.swift in Sources */,
				DBC02CDF1B891FD400C8E14A /* AppDelegate.swift in Sources */,
				75D457161B89787B00D22361 /* PopularTableViewController.swift in Sources */,
				75D457141B89721100D22361 /* FoodtrackViewController.swift in Sources */,
				75D456D61B893E6C00D22361 /* HomeViewController.swift in Sources */,
				75D456F81B89408900D22361 /* RECommonFunctions.m in Sources */,
				DB90CE141B8980AD000DEE61 /* DAOUsuario.swift in Sources */,
				75D4571E1B898F8D00D22361 /* TrucksTableViewCell.swift in Sources */,
				75D456FB1B89408900D22361 /* UIImage+REFrostedViewController.m in Sources */,
				75D4571C1B897F8700D22361 /* CategoryTableViewCell.swift in Sources */,
			);
			runOnlyForDeploymentPostprocessing = 0;
		};
		DBC02CEA1B891FD400C8E14A /* Sources */ = {
			isa = PBXSourcesBuildPhase;
			buildActionMask = 2147483647;
			files = (
				DBC02CF51B891FD400C8E14A /* FoodtrackTests.swift in Sources */,
			);
			runOnlyForDeploymentPostprocessing = 0;
		};
/* End PBXSourcesBuildPhase section */

/* Begin PBXTargetDependency section */
		DBC02CF01B891FD400C8E14A /* PBXTargetDependency */ = {
			isa = PBXTargetDependency;
			target = DBC02CD81B891FD400C8E14A /* Foodtrack */;
			targetProxy = DBC02CEF1B891FD400C8E14A /* PBXContainerItemProxy */;
		};
/* End PBXTargetDependency section */

/* Begin PBXVariantGroup section */
		DBC02CE21B891FD400C8E14A /* Main.storyboard */ = {
			isa = PBXVariantGroup;
			children = (
				DBC02CE31B891FD400C8E14A /* Base */,
			);
			name = Main.storyboard;
			sourceTree = "<group>";
		};
		DBC02CE71B891FD400C8E14A /* LaunchScreen.xib */ = {
			isa = PBXVariantGroup;
			children = (
				DBC02CE81B891FD400C8E14A /* Base */,
			);
			name = LaunchScreen.xib;
			sourceTree = "<group>";
		};
/* End PBXVariantGroup section */

/* Begin XCBuildConfiguration section */
		DBC02CF61B891FD400C8E14A /* Debug */ = {
			isa = XCBuildConfiguration;
			buildSettings = {
				ALWAYS_SEARCH_USER_PATHS = NO;
				CLANG_CXX_LANGUAGE_STANDARD = "gnu++0x";
				CLANG_CXX_LIBRARY = "libc++";
				CLANG_ENABLE_MODULES = YES;
				CLANG_ENABLE_OBJC_ARC = YES;
				CLANG_WARN_BOOL_CONVERSION = YES;
				CLANG_WARN_CONSTANT_CONVERSION = YES;
				CLANG_WARN_DIRECT_OBJC_ISA_USAGE = YES_ERROR;
				CLANG_WARN_EMPTY_BODY = YES;
				CLANG_WARN_ENUM_CONVERSION = YES;
				CLANG_WARN_INT_CONVERSION = YES;
				CLANG_WARN_OBJC_ROOT_CLASS = YES_ERROR;
				CLANG_WARN_UNREACHABLE_CODE = YES;
				CLANG_WARN__DUPLICATE_METHOD_MATCH = YES;
				"CODE_SIGN_IDENTITY[sdk=iphoneos*]" = "iPhone Developer";
				COPY_PHASE_STRIP = NO;
				DEBUG_INFORMATION_FORMAT = "dwarf-with-dsym";
				ENABLE_STRICT_OBJC_MSGSEND = YES;
				GCC_C_LANGUAGE_STANDARD = gnu99;
				GCC_DYNAMIC_NO_PIC = NO;
				GCC_NO_COMMON_BLOCKS = YES;
				GCC_OPTIMIZATION_LEVEL = 0;
				GCC_PREPROCESSOR_DEFINITIONS = (
					"DEBUG=1",
					"$(inherited)",
				);
				GCC_SYMBOLS_PRIVATE_EXTERN = NO;
				GCC_WARN_64_TO_32_BIT_CONVERSION = YES;
				GCC_WARN_ABOUT_RETURN_TYPE = YES_ERROR;
				GCC_WARN_UNDECLARED_SELECTOR = YES;
				GCC_WARN_UNINITIALIZED_AUTOS = YES_AGGRESSIVE;
				GCC_WARN_UNUSED_FUNCTION = YES;
				GCC_WARN_UNUSED_VARIABLE = YES;
				IPHONEOS_DEPLOYMENT_TARGET = 8.4;
				MTL_ENABLE_DEBUG_INFO = YES;
				ONLY_ACTIVE_ARCH = YES;
				SDKROOT = iphoneos;
				SWIFT_OPTIMIZATION_LEVEL = "-Onone";
			};
			name = Debug;
		};
		DBC02CF71B891FD400C8E14A /* Release */ = {
			isa = XCBuildConfiguration;
			buildSettings = {
				ALWAYS_SEARCH_USER_PATHS = NO;
				CLANG_CXX_LANGUAGE_STANDARD = "gnu++0x";
				CLANG_CXX_LIBRARY = "libc++";
				CLANG_ENABLE_MODULES = YES;
				CLANG_ENABLE_OBJC_ARC = YES;
				CLANG_WARN_BOOL_CONVERSION = YES;
				CLANG_WARN_CONSTANT_CONVERSION = YES;
				CLANG_WARN_DIRECT_OBJC_ISA_USAGE = YES_ERROR;
				CLANG_WARN_EMPTY_BODY = YES;
				CLANG_WARN_ENUM_CONVERSION = YES;
				CLANG_WARN_INT_CONVERSION = YES;
				CLANG_WARN_OBJC_ROOT_CLASS = YES_ERROR;
				CLANG_WARN_UNREACHABLE_CODE = YES;
				CLANG_WARN__DUPLICATE_METHOD_MATCH = YES;
				"CODE_SIGN_IDENTITY[sdk=iphoneos*]" = "iPhone Developer";
				COPY_PHASE_STRIP = NO;
				DEBUG_INFORMATION_FORMAT = "dwarf-with-dsym";
				ENABLE_NS_ASSERTIONS = NO;
				ENABLE_STRICT_OBJC_MSGSEND = YES;
				GCC_C_LANGUAGE_STANDARD = gnu99;
				GCC_NO_COMMON_BLOCKS = YES;
				GCC_WARN_64_TO_32_BIT_CONVERSION = YES;
				GCC_WARN_ABOUT_RETURN_TYPE = YES_ERROR;
				GCC_WARN_UNDECLARED_SELECTOR = YES;
				GCC_WARN_UNINITIALIZED_AUTOS = YES_AGGRESSIVE;
				GCC_WARN_UNUSED_FUNCTION = YES;
				GCC_WARN_UNUSED_VARIABLE = YES;
				IPHONEOS_DEPLOYMENT_TARGET = 8.4;
				MTL_ENABLE_DEBUG_INFO = NO;
				SDKROOT = iphoneos;
				VALIDATE_PRODUCT = YES;
			};
			name = Release;
		};
		DBC02CF91B891FD400C8E14A /* Debug */ = {
			isa = XCBuildConfiguration;
			buildSettings = {
				ASSETCATALOG_COMPILER_APPICON_NAME = AppIcon;
				CLANG_ENABLE_MODULES = YES;
				FRAMEWORK_SEARCH_PATHS = (
					"$(inherited)",
					"$(PROJECT_DIR)/Foodtrack",
				);
				INFOPLIST_FILE = Foodtrack/Info.plist;
				LD_RUNPATH_SEARCH_PATHS = "$(inherited) @executable_path/Frameworks";
				PRODUCT_NAME = "$(TARGET_NAME)";
				SWIFT_OBJC_BRIDGING_HEADER = "Foodtrack/Foodtrack-Bridging-Header.h";
				SWIFT_OPTIMIZATION_LEVEL = "-Onone";
			};
			name = Debug;
		};
		DBC02CFA1B891FD400C8E14A /* Release */ = {
			isa = XCBuildConfiguration;
			buildSettings = {
				ASSETCATALOG_COMPILER_APPICON_NAME = AppIcon;
				CLANG_ENABLE_MODULES = YES;
				FRAMEWORK_SEARCH_PATHS = (
					"$(inherited)",
					"$(PROJECT_DIR)/Foodtrack",
				);
				INFOPLIST_FILE = Foodtrack/Info.plist;
				LD_RUNPATH_SEARCH_PATHS = "$(inherited) @executable_path/Frameworks";
				PRODUCT_NAME = "$(TARGET_NAME)";
				SWIFT_OBJC_BRIDGING_HEADER = "Foodtrack/Foodtrack-Bridging-Header.h";
			};
			name = Release;
		};
		DBC02CFC1B891FD400C8E14A /* Debug */ = {
			isa = XCBuildConfiguration;
			buildSettings = {
				BUNDLE_LOADER = "$(TEST_HOST)";
				FRAMEWORK_SEARCH_PATHS = (
					"$(SDKROOT)/Developer/Library/Frameworks",
					"$(inherited)",
				);
				GCC_PREPROCESSOR_DEFINITIONS = (
					"DEBUG=1",
					"$(inherited)",
				);
				INFOPLIST_FILE = FoodtrackTests/Info.plist;
				LD_RUNPATH_SEARCH_PATHS = "$(inherited) @executable_path/Frameworks @loader_path/Frameworks";
				PRODUCT_NAME = "$(TARGET_NAME)";
				TEST_HOST = "$(BUILT_PRODUCTS_DIR)/Foodtrack.app/Foodtrack";
			};
			name = Debug;
		};
		DBC02CFD1B891FD400C8E14A /* Release */ = {
			isa = XCBuildConfiguration;
			buildSettings = {
				BUNDLE_LOADER = "$(TEST_HOST)";
				FRAMEWORK_SEARCH_PATHS = (
					"$(SDKROOT)/Developer/Library/Frameworks",
					"$(inherited)",
				);
				INFOPLIST_FILE = FoodtrackTests/Info.plist;
				LD_RUNPATH_SEARCH_PATHS = "$(inherited) @executable_path/Frameworks @loader_path/Frameworks";
				PRODUCT_NAME = "$(TARGET_NAME)";
				TEST_HOST = "$(BUILT_PRODUCTS_DIR)/Foodtrack.app/Foodtrack";
			};
			name = Release;
		};
/* End XCBuildConfiguration section */

/* Begin XCConfigurationList section */
		DBC02CD41B891FD400C8E14A /* Build configuration list for PBXProject "Foodtrack" */ = {
			isa = XCConfigurationList;
			buildConfigurations = (
				DBC02CF61B891FD400C8E14A /* Debug */,
				DBC02CF71B891FD400C8E14A /* Release */,
			);
			defaultConfigurationIsVisible = 0;
			defaultConfigurationName = Release;
		};
		DBC02CF81B891FD400C8E14A /* Build configuration list for PBXNativeTarget "Foodtrack" */ = {
			isa = XCConfigurationList;
			buildConfigurations = (
				DBC02CF91B891FD400C8E14A /* Debug */,
				DBC02CFA1B891FD400C8E14A /* Release */,
			);
			defaultConfigurationIsVisible = 0;
			defaultConfigurationName = Release;
		};
		DBC02CFB1B891FD400C8E14A /* Build configuration list for PBXNativeTarget "FoodtrackTests" */ = {
			isa = XCConfigurationList;
			buildConfigurations = (
				DBC02CFC1B891FD400C8E14A /* Debug */,
				DBC02CFD1B891FD400C8E14A /* Release */,
			);
			defaultConfigurationIsVisible = 0;
			defaultConfigurationName = Release;
		};
/* End XCConfigurationList section */
	};
	rootObject = DBC02CD11B891FD400C8E14A /* Project object */;
}
